
Microsoft Visual Studio Solution File, Format Version 12.00
# Visual Studio 15
VisualStudioVersion = 15.0.28010.2026
MinimumVisualStudioVersion = 10.0.40219.1
Project("{FAE04EC0-301F-11D3-BF4B-00C04F79EFBC}") = "Externe_Vorspannung", "Externe_Vorspannung\Externe_Vorspannung.csproj", "{3006A5BB-9F81-4ED9-B8D7-3F7F60311098}"
EndProject
Project("{FAE04EC0-301F-11D3-BF4B-00C04F79EFBC}") = "App.Tests2", "App.Tests2\App.Tests2.csproj", "{7FCBE89D-C43A-43E9-8EC9-197374829912}"
EndProject
Global
	GlobalSection(SolutionConfigurationPlatforms) = preSolution
		Debug|Any CPU = Debug|Any CPU
		Release|Any CPU = Release|Any CPU
	EndGlobalSection
	GlobalSection(ProjectConfigurationPlatforms) = postSolution
		{3006A5BB-9F81-4ED9-B8D7-3F7F60311098}.Debug|Any CPU.ActiveCfg = Debug|Any CPU
		{3006A5BB-9F81-4ED9-B8D7-3F7F60311098}.Debug|Any CPU.Build.0 = Debug|Any CPU
		{3006A5BB-9F81-4ED9-B8D7-3F7F60311098}.Release|Any CPU.ActiveCfg = Release|Any CPU
		{3006A5BB-9F81-4ED9-B8D7-3F7F60311098}.Release|Any CPU.Build.0 = Release|Any CPU
		{7FCBE89D-C43A-43E9-8EC9-197374829912}.Debug|Any CPU.ActiveCfg = Debug|Any CPU
		{7FCBE89D-C43A-43E9-8EC9-197374829912}.Debug|Any CPU.Build.0 = Debug|Any CPU
		{7FCBE89D-C43A-43E9-8EC9-197374829912}.Release|Any CPU.ActiveCfg = Release|Any CPU
		{7FCBE89D-C43A-43E9-8EC9-197374829912}.Release|Any CPU.Build.0 = Release|Any CPU
	EndGlobalSection
	GlobalSection(SolutionProperties) = preSolution
		HideSolutionNode = FALSE
	EndGlobalSection
	GlobalSection(ExtensibilityGlobals) = postSolution
		SolutionGuid = {B31D8FA2-6987-4E1F-8A8D-FC99D93E8145}
	EndGlobalSection
EndGlobal
